Microsoft Visual Studio Solution File, Format Version 12.00
# Visual Studio Version 17
VisualStudioVersion = 17.5.2.0
MinimumVisualStudioVersion = 10.0.40219.1
Project("{FAE04EC0-301F-11D3-BF4B-00C04F79EFBC}") = "TrafficManager", "TrafficManager.csproj", "{868010BB-14FB-4467-576E-94782D61BB59}"
EndProject
Global
	GlobalSection(SolutionConfigurationPlatforms) = preSolution
		Debug|Any CPU = Debug|Any CPU
		Release|Any CPU = Release|Any CPU
	EndGlobalSection
	GlobalSection(ProjectConfigurationPlatforms) = postSolution
		{868010BB-14FB-4467-576E-94782D61BB59}.Debug|Any CPU.ActiveCfg = Debug|Any CPU
		{868010BB-14FB-4467-576E-94782D61BB59}.Debug|Any CPU.Build.0 = Debug|Any CPU
		{868010BB-14FB-4467-576E-94782D61BB59}.Release|Any CPU.ActiveCfg = Release|Any CPU
		{868010BB-14FB-4467-576E-94782D61BB59}.Release|Any CPU.Build.0 = Release|Any CPU
	EndGlobalSection
	GlobalSection(SolutionProperties) = preSolution
		HideSolutionNode = FALSE
	EndGlobalSection
	GlobalSection(ExtensibilityGlobals) = postSolution
		SolutionGuid = {5C61FC81-FA65-42AB-A034-B1FB76D101DC}
	EndGlobalSection
EndGlobal
